// !$*UTF8*$!
{
	archiveVersion = 1;
	classes = {
	};
	objectVersion = 77;
	objects = {

/* Begin PBXBuildFile section */
		5D9E8F103013F4C8002E88EA /* FirebaseAuth in Frameworks */ = {isa = PBXBuildFile; productRef = 5D9E8F0F3013F4C8002E88EA /* FirebaseAuth */; };
		5D9E8F123013F4C8002E88EA /* FirebaseCore in Frameworks */ = {isa = PBXBuildFile; productRef = 5D9E8F113013F4C8002E88EA /* FirebaseCore */; };
		5D9E8F143013F4C8002E88EA /* FirebaseFirestore in Frameworks */ = {isa = PBXBuildFile; productRef = 5D9E8F133013F4C8002E88EA /* FirebaseFirestore */; };
		5DD720922F7569A10065BA99 /* CryptoSwift in Frameworks */ = {isa = PBXBuildFile; productRef = 5DD720912F7569A10065BA99 /* CryptoSwift */; };
		5DD720952F756A1E0065BA99 /* Lottie in Frameworks */ = {isa = PBXBuildFile; productRef = 5DD720942F756A1E0065BA99 /* Lottie */; };
/* End PBXBuildFile section */

/* Begin PBXContainerItemProxy section */
		5DA70A362E9EC5C700F2C141 /* PBXContainerItemProxy */ = {
			isa = PBXContainerItemProxy;
			containerPortal = 5DA70A1D2E9EC5C600F2C141 /* Project object */;
			proxyType = 1;
			remoteGlobalIDString = 5DA70A242E9EC5C600F2C141;
			remoteInfo = ToDoListIos;
		};
		5DA70A402E9EC5C700F2C141 /* PBXContainerItemProxy */ = {
			isa = PBXContainerItemProxy;
			containerPortal = 5DA70A1D2E9EC5C600F2C141 /* Project object */;
			proxyType = 1;
			remoteGlobalIDString = 5DA70A242E9EC5C600F2C141;
			remoteInfo = ToDoListIos;
		};
/* End PBXContainerItemProxy section */

/* Begin PBXFileReference section */
		5DA70A252E9EC5C600F2C141 /* ToDoListIos.app */ = {isa = PBXFileReference; explicitFileType = wrapper.application; includeInIndex = 0; path = ToDoListIos.app; sourceTree = BUILT_PRODUCTS_DIR; };
		5DA70A352E9EC5C700F2C141 /* ToDoListIosTests.xctest */ = {isa = PBXFileReference; explicitFileType = wrapper.cfbundle; includeInIndex = 0; path = ToDoListIosTests.xctest; sourceTree = BUILT_PRODUCTS_DIR; };
		5DA70A3F2E9EC5C700F2C141 /* ToDoListIosUITests.xctest */ = {isa = PBXFileReference; explicitFileType = wrapper.cfbundle; includeInIndex = 0; path = ToDoListIosUITests.xctest; sourceTree = BUILT_PRODUCTS_DIR; };
/* End PBXFileReference section */

/* Begin PBXFileSystemSynchronizedRootGroup section */
		5D7CDB682EBA7A0700FCCC0D /* ToDoListIos */ = {
			isa = PBXFileSystemSynchronizedRootGroup;
			path = ToDoListIos;
			sourceTree = "<group>";
		};
		5DA70A382E9EC5C700F2C141 /* ToDoListIosTests */ = {
			isa = PBXFileSystemSynchronizedRootGroup;
			path = ToDoListIosTests;
			sourceTree = "<group>";
		};
		5DA70A422E9EC5C700F2C141 /* ToDoListIosUITests */ = {
			isa = PBXFileSystemSynchronizedRootGroup;
			path = ToDoListIosUITests;
			sourceTree = "<group>";
		};
/* End PBXFileSystemSynchronizedRootGroup section */

/* Begin PBXFrameworksBuildPhase section */
		5DA70A222E9EC5C600F2C141 /* Frameworks */ = {
			isa = PBXFrameworksBuildPhase;
			buildActionMask = 2147483647;
			files = (
				5DD720922F7569A10065BA99 /* CryptoSwift in Frameworks */,
				5D9E8F103013F4C8002E88EA /* FirebaseAuth in Frameworks */,
				5D9E8F123013F4C8002E88EA /* FirebaseCore in Frameworks */,
				5D9E8F143013F4C8002E88EA /* FirebaseFirestore in Frameworks */,
				5DD720952F756A1E0065BA99 /* Lottie in Frameworks */,
			);
			runOnlyForDeploymentPostprocessing = 0;
		};
		5DA70A322E9EC5C700F2C141 /* Frameworks */ = {
			isa = PBXFrameworksBuildPhase;
			buildActionMask = 2147483647;
			files = (
			);
			runOnlyForDeploymentPostprocessing = 0;
		};
		5DA70A3C2E9EC5C700F2C141 /* Frameworks */ = {
			isa = PBXFrameworksBuildPhase;
			buildActionMask = 2147483647;
			files = (
			);
			runOnlyForDeploymentPostprocessing = 0;
		};
/* End PBXFrameworksBuildPhase section */

/* Begin PBXGroup section */
		5DA70A1C2E9EC5C600F2C141 = {
			isa = PBXGroup;
			children = (
				5DA70A382E9EC5C700F2C141 /* ToDoListIosTests */,
				5DA70A422E9EC5C700F2C141 /* ToDoListIosUITests */,
				5DB225E52E9ECBB900A9DD09 /* Frameworks */,
				5DA70A262E9EC5C600F2C141 /* Products */,
				5D7CDB682EBA7A0700FCCC0D /* ToDoListIos */,
			);
			sourceTree = "<group>";
		};
		5DA70A262E9EC5C600F2C141 /* Products */ = {
			isa = PBXGroup;
			children = (
				5DA70A252E9EC5C600F2C141 /* ToDoListIos.app */,
				5DA70A352E9EC5C700F2C141 /* ToDoListIosTests.xctest */,
				5DA70A3F2E9EC5C700F2C141 /* ToDoListIosUITests.xctest */,
			);
			name = Products;
			sourceTree = "<group>";
		};
		5DB225E52E9ECBB900A9DD09 /* Frameworks */ = {
			isa = PBXGroup;
			children = (
			);
			name = Frameworks;
			sourceTree = "<group>";
		};
/* End PBXGroup section */

/* Begin PBXNativeTarget section */
		5DA70A242E9EC5C600F2C141 /* ToDoListIos */ = {
			isa = PBXNativeTarget;
			buildConfigurationList = 5DA70A492E9EC5C700F2C141 /* Build configuration list for PBXNativeTarget "ToDoListIos" */;
			buildPhases = (
				5DA70A212E9EC5C600F2C141 /* Sources */,
				5DA70A222E9EC5C600F2C141 /* Frameworks */,
				5DA70A232E9EC5C600F2C141 /* Resources */,
			);
			buildRules = (
			);
			dependencies = (
			);
			fileSystemSynchronizedGroups = (
				5D7CDB682EBA7A0700FCCC0D /* ToDoListIos */,
			);
			name = ToDoListIos;
			packageProductDependencies = (
				5DD720912F7569A10065BA99 /* CryptoSwift */,
				5DD720942F756A1E0065BA99 /* Lottie */,
				5D9E8F0F3013F4C8002E88EA /* FirebaseAuth */,
				5D9E8F113013F4C8002E88EA /* FirebaseCore */,
				5D9E8F133013F4C8002E88EA /* FirebaseFirestore */,
			);
			productName = ToDoListIos;
			productReference = 5DA70A252E9EC5C600F2C141 /* ToDoListIos.app */;
			productType = "com.apple.product-type.application";
		};
		5DA70A342E9EC5C700F2C141 /* ToDoListIosTests */ = {
			isa = PBXNativeTarget;
			buildConfigurationList = 5DA70A4C2E9EC5C700F2C141 /* Build configuration list for PBXNativeTarget "ToDoListIosTests" */;
			buildPhases = (
				5DA70A312E9EC5C700F2C141 /* Sources */,
				5DA70A322E9EC5C700F2C141 /* Frameworks */,
				5DA70A332E9EC5C700F2C141 /* Resources */,
			);
			buildRules = (
			);
			dependencies = (
				5DA70A372E9EC5C700F2C141 /* PBXTargetDependency */,
			);
			fileSystemSynchronizedGroups = (
				5DA70A382E9EC5C700F2C141 /* ToDoListIosTests */,
			);
			name = ToDoListIosTests;
			packageProductDependencies = (
			);
			productName = ToDoListIosTests;
			productReference = 5DA70A352E9EC5C700F2C141 /* ToDoListIosTests.xctest */;
			productType = "com.apple.product-type.bundle.unit-test";
		};
		5DA70A3E2E9EC5C700F2C141 /* ToDoListIosUITests */ = {
			isa = PBXNativeTarget;
			buildConfigurationList = 5DA70A4F2E9EC5C700F2C141 /* Build configuration list for PBXNativeTarget "ToDoListIosUITests" */;
			buildPhases = (
				5DA70A3B2E9EC5C700F2C141 /* Sources */,
				5DA70A3C2E9EC5C700F2C141 /* Frameworks */,
				5DA70A3D2E9EC5C700F2C141 /* Resources */,
			);
			buildRules = (
			);
			dependencies = (
				5DA70A412E9EC5C700F2C141 /* PBXTargetDependency */,
			);
			fileSystemSynchronizedGroups = (
				5DA70A422E9EC5C700F2C141 /* ToDoListIosUITests */,
			);
			name = ToDoListIosUITests;
			packageProductDependencies = (
			);
			productName = ToDoListIosUITests;
			productReference = 5DA70A3F2E9EC5C700F2C141 /* ToDoListIosUITests.xctest */;
			productType = "com.apple.product-type.bundle.ui-testing";
		};
/* End PBXNativeTarget section */

/* Begin PBXProject section */
		5DA70A1D2E9EC5C600F2C141 /* Project object */ = {
			isa = PBXProject;
			attributes = {
				BuildIndependentTargetsInParallel = 1;
				LastSwiftUpdateCheck = 1620;
				LastUpgradeCheck = 1620;
				TargetAttributes = {
					5DA70A242E9EC5C600F2C141 = {
						CreatedOnToolsVersion = 16.2;
					};
					5DA70A342E9EC5C700F2C141 = {
						CreatedOnToolsVersion = 16.2;
						TestTargetID = 5DA70A242E9EC5C600F2C141;
					};
					5DA70A3E2E9EC5C700F2C141 = {
						CreatedOnToolsVersion = 16.2;
						TestTargetID = 5DA70A242E9EC5C600F2C141;
					};
				};
			};
			buildConfigurationList = 5DA70A202E9EC5C600F2C141 /* Build configuration list for PBXProject "ToDoListIos" */;
			developmentRegion = en;
			hasScannedForEncodings = 0;
			knownRegions = (
				en,
				Base,
				ar,
			);
			mainGroup = 5DA70A1C2E9EC5C600F2C141;
			minimizedProjectReferenceProxies = 1;
			packageReferences = (
				5DD720902F7569A10065BA99 /* XCRemoteSwiftPackageReference "CryptoSwift" */,
				5DD720932F756A1E0065BA99 /* XCRemoteSwiftPackageReference "lottie-ios" */,
				5D9E8F0E3013F4C8002E88EA /* XCRemoteSwiftPackageReference "firebase-ios-sdk" */,
			);
			preferredProjectObjectVersion = 77;
			productRefGroup = 5DA70A262E9EC5C600F2C141 /* Products */;
			projectDirPath = "";
			projectRoot = "";
			targets = (
				5DA70A242E9EC5C600F2C141 /* ToDoListIos */,
				5DA70A342E9EC5C700F2C141 /* ToDoListIosTests */,
				5DA70A3E2E9EC5C700F2C141 /* ToDoListIosUITests */,
			);
		};
/* End PBXProject section */

/* Begin PBXResourcesBuildPhase section */
		5DA70A232E9EC5C600F2C141 /* Resources */ = {
			isa = PBXResourcesBuildPhase;
			buildActionMask = 2147483647;
			files = (
			);
			runOnlyForDeploymentPostprocessing = 0;
		};
		5DA70A332E9EC5C700F2C141 /* Resources */ = {
			isa = PBXResourcesBuildPhase;
			buildActionMask = 2147483647;
			files = (
			);
			runOnlyForDeploymentPostprocessing = 0;
		};
		5DA70A3D2E9EC5C700F2C141 /* Resources */ = {
			isa = PBXResourcesBuildPhase;
			buildActionMask = 2147483647;
			files = (
			);
			runOnlyForDeploymentPostprocessing = 0;
		};
/* End PBXResourcesBuildPhase section */

/* Begin PBXSourcesBuildPhase section */
		5DA70A212E9EC5C600F2C141 /* Sources */ = {
			isa = PBXSourcesBuildPhase;
			buildActionMask = 2147483647;
			files = (
			);
			runOnlyForDeploymentPostprocessing = 0;
		};
		5DA70A312E9EC5C700F2C141 /* Sources */ = {
			isa = PBXSourcesBuildPhase;
			buildActionMask = 2147483647;
			files = (
			);
			runOnlyForDeploymentPostprocessing = 0;
		};
		5DA70A3B2E9EC5C700F2C141 /* Sources */ = {
			isa = PBXSourcesBuildPhase;
			buildActionMask = 2147483647;
			files = (
			);
			runOnlyForDeploymentPostprocessing = 0;
		};
/* End PBXSourcesBuildPhase section */

/* Begin PBXTargetDependency section */
		5DA70A372E9EC5C700F2C141 /* PBXTargetDependency */ = {
			isa = PBXTargetDependency;
			target = 5DA70A242E9EC5C600F2C141 /* ToDoListIos */;
			targetProxy = 5DA70A362E9EC5C700F2C141 /* PBXContainerItemProxy */;
		};
		5DA70A412E9EC5C700F2C141 /* PBXTargetDependency */ = {
			isa = PBXTargetDependency;
			target = 5DA70A242E9EC5C600F2C141 /* ToDoListIos */;
			targetProxy = 5DA70A402E9EC5C700F2C141 /* PBXContainerItemProxy */;
		};
/* End PBXTargetDependency section */

/* Begin XCBuildConfiguration section */
		5DA70A472E9EC5C700F2C141 /* Debug */ = {
			isa = XCBuildConfiguration;
			buildSettings = {
				ALWAYS_SEARCH_USER_PATHS = NO;
				ASSETCATALOG_COMPILER_GENERATE_SWIFT_ASSET_SYMBOL_EXTENSIONS = YES;
				CLANG_ANALYZER_NONNULL = YES;
				CLANG_ANALYZER_NUMBER_OBJECT_CONVERSION = YES_AGGRESSIVE;
				CLANG_CXX_LANGUAGE_STANDARD = "gnu++20";
				CLANG_ENABLE_MODULES = YES;
				CLANG_ENABLE_OBJC_ARC = YES;
				CLANG_ENABLE_OBJC_WEAK = YES;
				CLANG_WARN_BLOCK_CAPTURE_AUTORELEASING = YES;
				CLANG_WARN_BOOL_CONVERSION = YES;
				CLANG_WARN_COMMA = YES;
				CLANG_WARN_CONSTANT_CONVERSION = YES;
				CLANG_WARN_DEPRECATED_OBJC_IMPLEMENTATIONS = YES;
				CLANG_WARN_DIRECT_OBJC_ISA_USAGE = YES_ERROR;
				CLANG_WARN_DOCUMENTATION_COMMENTS = YES;
				CLANG_WARN_EMPTY_BODY = YES;
				CLANG_WARN_ENUM_CONVERSION = YES;
				CLANG_WARN_INFINITE_RECURSION = YES;
				CLANG_WARN_INT_CONVERSION = YES;
				CLANG_WARN_NON_LITERAL_NULL_CONVERSION = YES;
				CLANG_WARN_OBJC_IMPLICIT_RETAIN_SELF = YES;
				CLANG_WARN_OBJC_LITERAL_CONVERSION = YES;
				CLANG_WARN_OBJC_ROOT_CLASS = YES_ERROR;
				CLANG_WARN_QUOTED_INCLUDE_IN_FRAMEWORK_HEADER = YES;
				CLANG_WARN_RANGE_LOOP_ANALYSIS = YES;
				CLANG_WARN_STRICT_PROTOTYPES = YES;
				CLANG_WARN_SUSPICIOUS_MOVE = YES;
				CLANG_WARN_UNGUARDED_AVAILABILITY = YES_AGGRESSIVE;
				CLANG_WARN_UNREACHABLE_CODE = YES;
				CLANG_WARN__DUPLICATE_METHOD_MATCH = YES;
				COPY_PHASE_STRIP = NO;
				DEBUG_INFORMATION_FORMAT = dwarf;
				ENABLE_STRICT_OBJC_MSGSEND = YES;
				ENABLE_TESTABILITY = YES;
				ENABLE_USER_SCRIPT_SANDBOXING = YES;
				GCC_C_LANGUAGE_STANDARD = gnu17;
				GCC_DYNAMIC_NO_PIC = NO;
				GCC_NO_COMMON_BLOCKS = YES;
				GCC_OPTIMIZATION_LEVEL = 0;
				GCC_PREPROCESSOR_DEFINITIONS = (
					"DEBUG=1",
					"$(inherited)",
				);
				GCC_WARN_64_TO_32_BIT_CONVERSION = YES;
				GCC_WARN_ABOUT_RETURN_TYPE = YES_ERROR;
				GCC_WARN_UNDECLARED_SELECTOR = YES;
				GCC_WARN_UNINITIALIZED_AUTOS = YES_AGGRESSIVE;
				GCC_WARN_UNUSED_FUNCTION = YES;
				GCC_WARN_UNUSED_VARIABLE = YES;
				IPHONEOS_DEPLOYMENT_TARGET = 18.2;
				LOCALIZATION_PREFERS_STRING_CATALOGS = YES;
				MTL_ENABLE_DEBUG_INFO = INCLUDE_SOURCE;
				MTL_FAST_MATH = YES;
				ONLY_ACTIVE_ARCH = YES;
				SDKROOT = iphoneos;
				SWIFT_ACTIVE_COMPILATION_CONDITIONS = "DEBUG $(inherited)";
				SWIFT_OPTIMIZATION_LEVEL = "-Onone";
			};
			name = Debug;
		};
		5DA70A482E9EC5C700F2C141 /* Release */ = {
			isa = XCBuildConfiguration;
			buildSettings = {
				ALWAYS_SEARCH_USER_PATHS = NO;
				ASSETCATALOG_COMPILER_GENERATE_SWIFT_ASSET_SYMBOL_EXTENSIONS = YES;
				CLANG_ANALYZER_NONNULL = YES;
				CLANG_ANALYZER_NUMBER_OBJECT_CONVERSION = YES_AGGRESSIVE;
				CLANG_CXX_LANGUAGE_STANDARD = "gnu++20";
				CLANG_ENABLE_MODULES = YES;
				CLANG_ENABLE_OBJC_ARC = YES;
				CLANG_ENABLE_OBJC_WEAK = YES;
				CLANG_WARN_BLOCK_CAPTURE_AUTORELEASING = YES;
				CLANG_WARN_BOOL_CONVERSION = YES;
				CLANG_WARN_COMMA = YES;
				CLANG_WARN_CONSTANT_CONVERSION = YES;
				CLANG_WARN_DEPRECATED_OBJC_IMPLEMENTATIONS = YES;
				CLANG_WARN_DIRECT_OBJC_ISA_USAGE = YES_ERROR;
				CLANG_WARN_DOCUMENTATION_COMMENTS = YES;
				CLANG_WARN_EMPTY_BODY = YES;
				CLANG_WARN_ENUM_CONVERSION = YES;
				CLANG_WARN_INFINITE_RECURSION = YES;
				CLANG_WARN_INT_CONVERSION = YES;
				CLANG_WARN_NON_LITERAL_NULL_CONVERSION = YES;
				CLANG_WARN_OBJC_IMPLICIT_RETAIN_SELF = YES;
				CLANG_WARN_OBJC_LITERAL_CONVERSION = YES;
				CLANG_WARN_OBJC_ROOT_CLASS = YES_ERROR;
				CLANG_WARN_QUOTED_INCLUDE_IN_FRAMEWORK_HEADER = YES;
				CLANG_WARN_RANGE_LOOP_ANALYSIS = YES;
				CLANG_WARN_STRICT_PROTOTYPES = YES;
				CLANG_WARN_SUSPICIOUS_MOVE = YES;
				CLANG_WARN_UNGUARDED_AVAILABILITY = YES_AGGRESSIVE;
				CLANG_WARN_UNREACHABLE_CODE = YES;
				CLANG_WARN__DUPLICATE_METHOD_MATCH = YES;
				COPY_PHASE_STRIP = NO;
				DEBUG_INFORMATION_FORMAT = "dwarf-with-dsym";
				ENABLE_NS_ASSERTIONS = NO;
				ENABLE_STRICT_OBJC_MSGSEND = YES;
				ENABLE_USER_SCRIPT_SANDBOXING = YES;
				GCC_C_LANGUAGE_STANDARD = gnu17;
				GCC_NO_COMMON_BLOCKS = YES;
				GCC_WARN_64_TO_32_BIT_CONVERSION = YES;
				GCC_WARN_ABOUT_RETURN_TYPE = YES_ERROR;
				GCC_WARN_UNDECLARED_SELECTOR = YES;
				GCC_WARN_UNINITIALIZED_AUTOS = YES_AGGRESSIVE;
				GCC_WARN_UNUSED_FUNCTION = YES;
				GCC_WARN_UNUSED_VARIABLE = YES;
				IPHONEOS_DEPLOYMENT_TARGET = 18.2;
				LOCALIZATION_PREFERS_STRING_CATALOGS = YES;
				MTL_ENABLE_DEBUG_INFO = NO;
				MTL_FAST_MATH = YES;
				SDKROOT = iphoneos;
				SWIFT_COMPILATION_MODE = wholemodule;
				VALIDATE_PRODUCT = YES;
			};
			name = Release;
		};
		5DA70A4A2E9EC5C700F2C141 /* Debug */ = {
			isa = XCBuildConfiguration;
			buildSettings = {
				ASSETCATALOG_COMPILER_APPICON_NAME = AppIcon;
				ASSETCATALOG_COMPILER_GLOBAL_ACCENT_COLOR_NAME = AccentColor;
				CODE_SIGN_STYLE = Automatic;
				CURRENT_PROJECT_VERSION = 1;
				DEVELOPMENT_ASSET_PATHS = "\"ToDoListIos/Preview Content\"";
				DEVELOPMENT_TEAM = F4VGX56N2M;
				ENABLE_PREVIEWS = YES;
				GENERATE_INFOPLIST_FILE = YES;
				INFOPLIST_KEY_NSCalendarsFullAccessUsageDescription = "This app needs calendar access to add your tasks.";
				INFOPLIST_KEY_NSCalendarsUsageDescription = "This app needs calendar access to add your tasks.";
				INFOPLIST_KEY_UIApplicationSceneManifest_Generation = YES;
				INFOPLIST_KEY_UIApplicationSupportsIndirectInputEvents = YES;
				INFOPLIST_KEY_UILaunchScreen_Generation = YES;
				INFOPLIST_KEY_UISupportedInterfaceOrientations_iPad = "UIInterfaceOrientationPortrait UIInterfaceOrientationPortraitUpsideDown UIInterfaceOrientationLandscapeLeft UIInterfaceOrientationLandscapeRight";
				INFOPLIST_KEY_UISupportedInterfaceOrientations_iPhone = "UIInterfaceOrientationPortrait UIInterfaceOrientationLandscapeLeft UIInterfaceOrientationLandscapeRight";
				LD_RUNPATH_SEARCH_PATHS = (
					"$(inherited)",
					"@executable_path/Frameworks",
				);
				MARKETING_VERSION = 1.0;
				PRODUCT_BUNDLE_IDENTIFIER = com.abdulkareem.ToDoListIos;
				PRODUCT_NAME = "$(TARGET_NAME)";
				SWIFT_EMIT_LOC_STRINGS = YES;
				SWIFT_VERSION = 5.0;
				TARGETED_DEVICE_FAMILY = "1,2";
			};
			name = Debug;
		};
		5DA70A4B2E9EC5C700F2C141 /* Release */ = {
			isa = XCBuildConfiguration;
			buildSettings = {
				ASSETCATALOG_COMPILER_APPICON_NAME = AppIcon;
				ASSETCATALOG_COMPILER_GLOBAL_ACCENT_COLOR_NAME = AccentColor;
				CODE_SIGN_STYLE = Automatic;
				CURRENT_PROJECT_VERSION = 1;
				DEVELOPMENT_ASSET_PATHS = "\"ToDoListIos/Preview Content\"";
				DEVELOPMENT_TEAM = F4VGX56N2M;
				ENABLE_PREVIEWS = YES;
				GENERATE_INFOPLIST_FILE = YES;
				INFOPLIST_KEY_NSCalendarsFullAccessUsageDescription = "This app needs calendar access to add your tasks.";
				INFOPLIST_KEY_NSCalendarsUsageDescription = "This app needs calendar access to add your tasks.";
				INFOPLIST_KEY_UIApplicationSceneManifest_Generation = YES;
				INFOPLIST_KEY_UIApplicationSupportsIndirectInputEvents = YES;
				INFOPLIST_KEY_UILaunchScreen_Generation = YES;
				INFOPLIST_KEY_UISupportedInterfaceOrientations_iPad = "UIInterfaceOrientationPortrait UIInterfaceOrientationPortraitUpsideDown UIInterfaceOrientationLandscapeLeft UIInterfaceOrientationLandscapeRight";
				INFOPLIST_KEY_UISupportedInterfaceOrientations_iPhone = "UIInterfaceOrientationPortrait UIInterfaceOrientationLandscapeLeft UIInterfaceOrientationLandscapeRight";
				LD_RUNPATH_SEARCH_PATHS = (
					"$(inherited)",
					"@executable_path/Frameworks",
				);
				MARKETING_VERSION = 1.0;
				PRODUCT_BUNDLE_IDENTIFIER = com.abdulkareem.ToDoListIos;
				PRODUCT_NAME = "$(TARGET_NAME)";
				SWIFT_EMIT_LOC_STRINGS = YES;
				SWIFT_VERSION = 5.0;
				TARGETED_DEVICE_FAMILY = "1,2";
			};
			name = Release;
		};
		5DA70A4D2E9EC5C700F2C141 /* Debug */ = {
			isa = XCBuildConfiguration;
			buildSettings = {
				BUNDLE_LOADER = "$(TEST_HOST)";
				CODE_SIGN_STYLE = Automatic;
				CURRENT_PROJECT_VERSION = 1;
				DEVELOPMENT_TEAM = F4VGX56N2M;
				GENERATE_INFOPLIST_FILE = YES;
				IPHONEOS_DEPLOYMENT_TARGET = 18.2;
				MARKETING_VERSION = 1.0;
				PRODUCT_BUNDLE_IDENTIFIER = com.abdulkareem.ToDoListIosTests;
				PRODUCT_NAME = "$(TARGET_NAME)";
				SWIFT_EMIT_LOC_STRINGS = NO;
				SWIFT_VERSION = 5.0;
				TARGETED_DEVICE_FAMILY = "1,2";
				TEST_HOST = "$(BUILT_PRODUCTS_DIR)/ToDoListIos.app/$(BUNDLE_EXECUTABLE_FOLDER_PATH)/ToDoListIos";
			};
			name = Debug;
		};
		5DA70A4E2E9EC5C700F2C141 /* Release */ = {
			isa = XCBuildConfiguration;
			buildSettings = {
				BUNDLE_LOADER = "$(TEST_HOST)";
				CODE_SIGN_STYLE = Automatic;
				CURRENT_PROJECT_VERSION = 1;
				DEVELOPMENT_TEAM = F4VGX56N2M;
				GENERATE_INFOPLIST_FILE = YES;
				IPHONEOS_DEPLOYMENT_TARGET = 18.2;
				MARKETING_VERSION = 1.0;
				PRODUCT_BUNDLE_IDENTIFIER = com.abdulkareem.ToDoListIosTests;
				PRODUCT_NAME = "$(TARGET_NAME)";
				SWIFT_EMIT_LOC_STRINGS = NO;
				SWIFT_VERSION = 5.0;
				TARGETED_DEVICE_FAMILY = "1,2";
				TEST_HOST = "$(BUILT_PRODUCTS_DIR)/ToDoListIos.app/$(BUNDLE_EXECUTABLE_FOLDER_PATH)/ToDoListIos";
			};
			name = Release;
		};
		5DA70A502E9EC5C700F2C141 /* Debug */ = {
			isa = XCBuildConfiguration;
			buildSettings = {
				CODE_SIGN_STYLE = Automatic;
				CURRENT_PROJECT_VERSION = 1;
				DEVELOPMENT_TEAM = F4VGX56N2M;
				GENERATE_INFOPLIST_FILE = YES;
				MARKETING_VERSION = 1.0;
				PRODUCT_BUNDLE_IDENTIFIER = com.abdulkareem.ToDoListIosUITests;
				PRODUCT_NAME = "$(TARGET_NAME)";
				SWIFT_EMIT_LOC_STRINGS = NO;
				SWIFT_VERSION = 5.0;
				TARGETED_DEVICE_FAMILY = "1,2";
				TEST_TARGET_NAME = ToDoListIos;
			};
			name = Debug;
		};
		5DA70A512E9EC5C700F2C141 /* Release */ = {
			isa = XCBuildConfiguration;
			buildSettings = {
				CODE_SIGN_STYLE = Automatic;
				CURRENT_PROJECT_VERSION = 1;
				DEVELOPMENT_TEAM = F4VGX56N2M;
				GENERATE_INFOPLIST_FILE = YES;
				MARKETING_VERSION = 1.0;
				PRODUCT_BUNDLE_IDENTIFIER = com.abdulkareem.ToDoListIosUITests;
				PRODUCT_NAME = "$(TARGET_NAME)";
				SWIFT_EMIT_LOC_STRINGS = NO;
				SWIFT_VERSION = 5.0;
				TARGETED_DEVICE_FAMILY = "1,2";
				TEST_TARGET_NAME = ToDoListIos;
			};
			name = Release;
		};
/* End XCBuildConfiguration section */

/* Begin XCConfigurationList section */
		5DA70A202E9EC5C600F2C141 /* Build configuration list for PBXProject "ToDoListIos" */ = {
			isa = XCConfigurationList;
			buildConfigurations = (
				5DA70A472E9EC5C700F2C141 /* Debug */,
				5DA70A482E9EC5C700F2C141 /* Release */,
			);
			defaultConfigurationIsVisible = 0;
			defaultConfigurationName = Release;
		};
		5DA70A492E9EC5C700F2C141 /* Build configuration list for PBXNativeTarget "ToDoListIos" */ = {
			isa = XCConfigurationList;
			buildConfigurations = (
				5DA70A4A2E9EC5C700F2C141 /* Debug */,
				5DA70A4B2E9EC5C700F2C141 /* Release */,
			);
			defaultConfigurationIsVisible = 0;
			defaultConfigurationName = Release;
		};
		5DA70A4C2E9EC5C700F2C141 /* Build configuration list for PBXNativeTarget "ToDoListIosTests" */ = {
			isa = XCConfigurationList;
			buildConfigurations = (
				5DA70A4D2E9EC5C700F2C141 /* Debug */,
				5DA70A4E2E9EC5C700F2C141 /* Release */,
			);
			defaultConfigurationIsVisible = 0;
			defaultConfigurationName = Release;
		};
		5DA70A4F2E9EC5C700F2C141 /* Build configuration list for PBXNativeTarget "ToDoListIosUITests" */ = {
			isa = XCConfigurationList;
			buildConfigurations = (
				5DA70A502E9EC5C700F2C141 /* Debug */,
				5DA70A512E9EC5C700F2C141 /* Release */,
			);
			defaultConfigurationIsVisible = 0;
			defaultConfigurationName = Release;
		};
/* End XCConfigurationList section */

/* Begin XCRemoteSwiftPackageReference section */
		5D9E8F0E3013F4C8002E88EA /* XCRemoteSwiftPackageReference "firebase-ios-sdk" */ = {
			isa = XCRemoteSwiftPackageReference;
			repositoryURL = "https://github.com/firebase/firebase-ios-sdk";
			requirement = {
				kind = upToNextMajorVersion;
				minimumVersion = 12.16.0;
			};
		};
		5DD720902F7569A10065BA99 /* XCRemoteSwiftPackageReference "CryptoSwift" */ = {
			isa = XCRemoteSwiftPackageReference;
			repositoryURL = "https://github.com/krzyzanowskim/CryptoSwift";
			requirement = {
				kind = upToNextMajorVersion;
				minimumVersion = 1.9.0;
			};
		};
		5DD720932F756A1E0065BA99 /* XCRemoteSwiftPackageReference "lottie-ios" */ = {
			isa = XCRemoteSwiftPackageReference;
			repositoryURL = "https://github.com/airbnb/lottie-ios.git";
			requirement = {
				kind = upToNextMajorVersion;
				minimumVersion = 4.6.0;
			};
		};
/* End XCRemoteSwiftPackageReference section */

/* Begin XCSwiftPackageProductDependency section */
		5D9E8F0F3013F4C8002E88EA /* FirebaseAuth */ = {
			isa = XCSwiftPackageProductDependency;
			package = 5D9E8F0E3013F4C8002E88EA /* XCRemoteSwiftPackageReference "firebase-ios-sdk" */;
			productName = FirebaseAuth;
		};
		5D9E8F113013F4C8002E88EA /* FirebaseCore */ = {
			isa = XCSwiftPackageProductDependency;
			package = 5D9E8F0E3013F4C8002E88EA /* XCRemoteSwiftPackageReference "firebase-ios-sdk" */;
			productName = FirebaseCore;
		};
		5D9E8F133013F4C8002E88EA /* FirebaseFirestore */ = {
			isa = XCSwiftPackageProductDependency;
			package = 5D9E8F0E3013F4C8002E88EA /* XCRemoteSwiftPackageReference "firebase-ios-sdk" */;
			productName = FirebaseFirestore;
		};
		5DD720912F7569A10065BA99 /* CryptoSwift */ = {
			isa = XCSwiftPackageProductDependency;
			package = 5DD720902F7569A10065BA99 /* XCRemoteSwiftPackageReference "CryptoSwift" */;
			productName = CryptoSwift;
		};
		5DD720942F756A1E0065BA99 /* Lottie */ = {
			isa = XCSwiftPackageProductDependency;
			package = 5DD720932F756A1E0065BA99 /* XCRemoteSwiftPackageReference "lottie-ios" */;
			productName = Lottie;
		};
/* End XCSwiftPackageProductDependency section */
	};
	rootObject = 5DA70A1D2E9EC5C600F2C141 /* Project object */;
}
